
Microsoft Visual Studio Solution File, Format Version 12.00
# Visual Studio Version 16
VisualStudioVersion = 25.0.1703.8
MinimumVisualStudioVersion = 10.0.40219.1
Project("{FAE04EC0-301F-11D3-BF4B-00C04F79EFBC}") = "Assignment_5", "Assignment_5\Assignment_5\Assignment_5.csproj", "{23B82CF6-CEE1-48E0-91F9-C07A3434F654}"
EndProject
Global
	GlobalSection(SolutionConfigurationPlatforms) = preSolution
		Debug|Any CPU = Debug|Any CPU
		Release|Any CPU = Release|Any CPU
	EndGlobalSection
	GlobalSection(ProjectConfigurationPlatforms) = postSolution
		{23B82CF6-CEE1-48E0-91F9-C07A3434F654}.Debug|Any CPU.ActiveCfg = Debug|Any CPU
		{23B82CF6-CEE1-48E0-91F9-C07A3434F654}.Debug|Any CPU.Build.0 = Debug|Any CPU
		{23B82CF6-CEE1-48E0-91F9-C07A3434F654}.Release|Any CPU.ActiveCfg = Release|Any CPU
		{23B82CF6-CEE1-48E0-91F9-C07A3434F654}.Release|Any CPU.Build.0 = Release|Any CPU
	EndGlobalSection
	GlobalSection(SolutionProperties) = preSolution
		HideSolutionNode = FALSE
	EndGlobalSection
	GlobalSection(ExtensibilityGlobals) = postSolution
		SolutionGuid = {EE0EEFFE-8227-4F25-8AE6-CB43C3871F32}
	EndGlobalSection
EndGlobal
